
Microsoft Visual Studio Solution File, Format Version 12.00
Project("{FAE04EC0-301F-11D3-BF4B-00C04F79EFBC}") = "MortgageCalcMVC", "MortgageCalcMVC\MortgageCalcMVC.csproj", "{A0C46CDB-EA57-4E1D-B8F4-05240D33CD9B}"
EndProject
Global
	GlobalSection(SolutionConfigurationPlatforms) = preSolution
		Debug|Any CPU = Debug|Any CPU
		Release|Any CPU = Release|Any CPU
	EndGlobalSection
	GlobalSection(ProjectConfigurationPlatforms) = postSolution
		{A0C46CDB-EA57-4E1D-B8F4-05240D33CD9B}.Debug|Any CPU.ActiveCfg = Debug|Any CPU
		{A0C46CDB-EA57-4E1D-B8F4-05240D33CD9B}.Debug|Any CPU.Build.0 = Debug|Any CPU
		{A0C46CDB-EA57-4E1D-B8F4-05240D33CD9B}.Release|Any CPU.ActiveCfg = Release|Any CPU
		{A0C46CDB-EA57-4E1D-B8F4-05240D33CD9B}.Release|Any CPU.Build.0 = Release|Any CPU
	EndGlobalSection
EndGlobal
